{
  "name": "@devdashproject/devdash-cli",
  "version": "0.2.0",
  "lockfileVersion": 3,
  "requires": true,
  "packages": {
    "": {
      "name": "@devdashproject/devdash-cli",
      "version": "0.2.0",
      "license": "MIT",
      "os": [
        "darwin",
        "linux"
      ],
      "bin": {
        "devdash": "bin/devdash"
      },
      "engines": {
        "node": ">=18"
      }
    }
  }
}
